
Microsoft Visual Studio Solution File, Format Version 12.00
# Visual Studio Version 17
VisualStudioVersion = 17.10.34916.146
MinimumVisualStudioVersion = 10.0.40219.1
Project("{9A19103F-16F7-4668-BE54-9A1E7A4F7556}") = "CRUD_PostgreSQL", "CRUD_PostgreSQL\CRUD_PostgreSQL.csproj", "{1DBD224A-58DF-4298-8D4A-0B674B8B2E0E}"
EndProject
Project("{9A19103F-16F7-4668-BE54-9A1E7A4F7556}") = "TestProject1", "TestProject1\TestProject1.csproj", "{D94ABC41-0D2C-429B-99DB-D85EFB6C1454}"
EndProject
Project("{FAE04EC0-301F-11D3-BF4B-00C04F79EFBC}") = "SpecFlowPS", "SpecFlowPS\SpecFlowPS.csproj", "{2B2D6818-CA69-44FF-AB54-D85F7798EFF5}"
EndProject
Global
	GlobalSection(SolutionConfigurationPlatforms) = preSolution
		Debug|Any CPU = Debug|Any CPU
		Release|Any CPU = Release|Any CPU
	EndGlobalSection
	GlobalSection(ProjectConfigurationPlatforms) = postSolution
		{1DBD224A-58DF-4298-8D4A-0B674B8B2E0E}.Debug|Any CPU.ActiveCfg = Debug|Any CPU
		{1DBD224A-58DF-4298-8D4A-0B674B8B2E0E}.Debug|Any CPU.Build.0 = Debug|Any CPU
		{1DBD224A-58DF-4298-8D4A-0B674B8B2E0E}.Release|Any CPU.ActiveCfg = Release|Any CPU
		{1DBD224A-58DF-4298-8D4A-0B674B8B2E0E}.Release|Any CPU.Build.0 = Release|Any CPU
		{D94ABC41-0D2C-429B-99DB-D85EFB6C1454}.Debug|Any CPU.ActiveCfg = Debug|Any CPU
		{D94ABC41-0D2C-429B-99DB-D85EFB6C1454}.Debug|Any CPU.Build.0 = Debug|Any CPU
		{D94ABC41-0D2C-429B-99DB-D85EFB6C1454}.Release|Any CPU.ActiveCfg = Release|Any CPU
		{D94ABC41-0D2C-429B-99DB-D85EFB6C1454}.Release|Any CPU.Build.0 = Release|Any CPU
		{2B2D6818-CA69-44FF-AB54-D85F7798EFF5}.Debug|Any CPU.ActiveCfg = Debug|Any CPU
		{2B2D6818-CA69-44FF-AB54-D85F7798EFF5}.Debug|Any CPU.Build.0 = Debug|Any CPU
		{2B2D6818-CA69-44FF-AB54-D85F7798EFF5}.Release|Any CPU.ActiveCfg = Release|Any CPU
		{2B2D6818-CA69-44FF-AB54-D85F7798EFF5}.Release|Any CPU.Build.0 = Release|Any CPU
	EndGlobalSection
	GlobalSection(SolutionProperties) = preSolution
		HideSolutionNode = FALSE
	EndGlobalSection
	GlobalSection(ExtensibilityGlobals) = postSolution
		SolutionGuid = {5D1A1C95-3C80-4C5B-AE60-E6C46CE009F0}
	EndGlobalSection
EndGlobal
